
Microsoft Visual Studio Solution File, Format Version 12.00
# Visual Studio Version 17
VisualStudioVersion = 17.4.33213.308
MinimumVisualStudioVersion = 10.0.40219.1
Project("{9A19103F-16F7-4668-BE54-9A1E7A4F7556}") = "ManagingGatewaysAPI", "ManagingGatewaysAPI\ManagingGatewaysAPI.csproj", "{0B0F7611-37B5-4BD9-ACBA-D28DB58BC46A}"
EndProject
Project("{FAE04EC0-301F-11D3-BF4B-00C04F79EFBC}") = "Core", "Core\Core.csproj", "{D82BAC26-83CF-41DD-986C-D81F2B61EA03}"
EndProject
Project("{FAE04EC0-301F-11D3-BF4B-00C04F79EFBC}") = "Infrastructure", "Infrastructure\Infrastructure.csproj", "{EB94B137-F62E-4851-8B4F-07191C69B8EF}"
EndProject
Global
	GlobalSection(SolutionConfigurationPlatforms) = preSolution
		Debug|Any CPU = Debug|Any CPU
		Release|Any CPU = Release|Any CPU
	EndGlobalSection
	GlobalSection(ProjectConfigurationPlatforms) = postSolution
		{0B0F7611-37B5-4BD9-ACBA-D28DB58BC46A}.Debug|Any CPU.ActiveCfg = Debug|Any CPU
		{0B0F7611-37B5-4BD9-ACBA-D28DB58BC46A}.Debug|Any CPU.Build.0 = Debug|Any CPU
		{0B0F7611-37B5-4BD9-ACBA-D28DB58BC46A}.Release|Any CPU.ActiveCfg = Release|Any CPU
		{0B0F7611-37B5-4BD9-ACBA-D28DB58BC46A}.Release|Any CPU.Build.0 = Release|Any CPU
		{D82BAC26-83CF-41DD-986C-D81F2B61EA03}.Debug|Any CPU.ActiveCfg = Debug|Any CPU
		{D82BAC26-83CF-41DD-986C-D81F2B61EA03}.Debug|Any CPU.Build.0 = Debug|Any CPU
		{D82BAC26-83CF-41DD-986C-D81F2B61EA03}.Release|Any CPU.ActiveCfg = Release|Any CPU
		{D82BAC26-83CF-41DD-986C-D81F2B61EA03}.Release|Any CPU.Build.0 = Release|Any CPU
		{EB94B137-F62E-4851-8B4F-07191C69B8EF}.Debug|Any CPU.ActiveCfg = Debug|Any CPU
		{EB94B137-F62E-4851-8B4F-07191C69B8EF}.Debug|Any CPU.Build.0 = Debug|Any CPU
		{EB94B137-F62E-4851-8B4F-07191C69B8EF}.Release|Any CPU.ActiveCfg = Release|Any CPU
		{EB94B137-F62E-4851-8B4F-07191C69B8EF}.Release|Any CPU.Build.0 = Release|Any CPU
	EndGlobalSection
	GlobalSection(SolutionProperties) = preSolution
		HideSolutionNode = FALSE
	EndGlobalSection
	GlobalSection(ExtensibilityGlobals) = postSolution
		SolutionGuid = {A4B634AF-2587-43F8-BD54-45C0BC6968E5}
	EndGlobalSection
EndGlobal
